
Microsoft Visual Studio Solution File, Format Version 12.00
# Visual Studio Version 16
VisualStudioVersion = 16.0.31911.196
MinimumVisualStudioVersion = 10.0.40219.1
Project("{2150E333-8FDC-42A3-9474-1A3956D46DE8}") = "Services", "Services", "{A6D4532F-1721-4586-9F95-201EBB0E5AB5}"
EndProject
Project("{9A19103F-16F7-4668-BE54-9A1E7A4F7556}") = "MyOcelot.Services.Weather.Api", "Services\MyOcelot.Services.Weather.Api\MyOcelot.Services.Weather.Api.csproj", "{F160654D-403C-4F71-8C11-1A630DB269DC}"
EndProject
Project("{9A19103F-16F7-4668-BE54-9A1E7A4F7556}") = "MyOcelot.Services.ApiGateway.Api", "Services\MyOcelot.Services.ApiGateway.Api\MyOcelot.Services.ApiGateway.Api.csproj", "{F7FE0F58-77E8-4FA3-872F-46280E133B0C}"
EndProject
Project("{FAE04EC0-301F-11D3-BF4B-00C04F79EFBC}") = "MyOcelot.Services.Auth.Api", "Services\MyOcelot.Services.Auth.Api\MyOcelot.Services.Auth.Api.csproj", "{E76252E7-7F3F-4122-A539-66F9A21908B3}"
EndProject
Global
	GlobalSection(SolutionConfigurationPlatforms) = preSolution
		Debug|Any CPU = Debug|Any CPU
		Release|Any CPU = Release|Any CPU
	EndGlobalSection
	GlobalSection(ProjectConfigurationPlatforms) = postSolution
		{F160654D-403C-4F71-8C11-1A630DB269DC}.Debug|Any CPU.ActiveCfg = Debug|Any CPU
		{F160654D-403C-4F71-8C11-1A630DB269DC}.Debug|Any CPU.Build.0 = Debug|Any CPU
		{F160654D-403C-4F71-8C11-1A630DB269DC}.Release|Any CPU.ActiveCfg = Release|Any CPU
		{F160654D-403C-4F71-8C11-1A630DB269DC}.Release|Any CPU.Build.0 = Release|Any CPU
		{F7FE0F58-77E8-4FA3-872F-46280E133B0C}.Debug|Any CPU.ActiveCfg = Debug|Any CPU
		{F7FE0F58-77E8-4FA3-872F-46280E133B0C}.Debug|Any CPU.Build.0 = Debug|Any CPU
		{F7FE0F58-77E8-4FA3-872F-46280E133B0C}.Release|Any CPU.ActiveCfg = Release|Any CPU
		{F7FE0F58-77E8-4FA3-872F-46280E133B0C}.Release|Any CPU.Build.0 = Release|Any CPU
		{E76252E7-7F3F-4122-A539-66F9A21908B3}.Debug|Any CPU.ActiveCfg = Debug|Any CPU
		{E76252E7-7F3F-4122-A539-66F9A21908B3}.Debug|Any CPU.Build.0 = Debug|Any CPU
		{E76252E7-7F3F-4122-A539-66F9A21908B3}.Release|Any CPU.ActiveCfg = Release|Any CPU
		{E76252E7-7F3F-4122-A539-66F9A21908B3}.Release|Any CPU.Build.0 = Release|Any CPU
	EndGlobalSection
	GlobalSection(SolutionProperties) = preSolution
		HideSolutionNode = FALSE
	EndGlobalSection
	GlobalSection(NestedProjects) = preSolution
		{F160654D-403C-4F71-8C11-1A630DB269DC} = {A6D4532F-1721-4586-9F95-201EBB0E5AB5}
		{F7FE0F58-77E8-4FA3-872F-46280E133B0C} = {A6D4532F-1721-4586-9F95-201EBB0E5AB5}
		{E76252E7-7F3F-4122-A539-66F9A21908B3} = {A6D4532F-1721-4586-9F95-201EBB0E5AB5}
	EndGlobalSection
	GlobalSection(ExtensibilityGlobals) = postSolution
		SolutionGuid = {98F09C83-6917-47B7-A9D6-291B9A6899A7}
	EndGlobalSection
EndGlobal
